
Microsoft Visual Studio Solution File, Format Version 12.00
# Visual Studio 15
VisualStudioVersion = 15.0.27428.2015
MinimumVisualStudioVersion = 10.0.40219.1
Project("{9A19103F-16F7-4668-BE54-9A1E7A4F7556}") = "BGMPharmaWebApp", "BGMPharmaWebApp\BGMPharmaWebApp.csproj", "{5AA584E2-4708-4E1D-945F-D9A0FE9F5EDE}"
EndProject
Global
	GlobalSection(SolutionConfigurationPlatforms) = preSolution
		Debug|Any CPU = Debug|Any CPU
		Release|Any CPU = Release|Any CPU
	EndGlobalSection
	GlobalSection(ProjectConfigurationPlatforms) = postSolution
		{5AA584E2-4708-4E1D-945F-D9A0FE9F5EDE}.Debug|Any CPU.ActiveCfg = Debug|Any CPU
		{5AA584E2-4708-4E1D-945F-D9A0FE9F5EDE}.Debug|Any CPU.Build.0 = Debug|Any CPU
		{5AA584E2-4708-4E1D-945F-D9A0FE9F5EDE}.Release|Any CPU.ActiveCfg = Release|Any CPU
		{5AA584E2-4708-4E1D-945F-D9A0FE9F5EDE}.Release|Any CPU.Build.0 = Release|Any CPU
	EndGlobalSection
	GlobalSection(SolutionProperties) = preSolution
		HideSolutionNode = FALSE
	EndGlobalSection
	GlobalSection(ExtensibilityGlobals) = postSolution
		SolutionGuid = {2C4E5BA3-7699-4D5E-8EAD-04675C67BDDD}
	EndGlobalSection
EndGlobal
